
Microsoft Visual Studio Solution File, Format Version 12.00
# Visual Studio Version 17
VisualStudioVersion = 17.0.31912.275
MinimumVisualStudioVersion = 10.0.40219.1
Project("{FAE04EC0-301F-11D3-BF4B-00C04F79EFBC}") = "Mod_1", "WarsztatWiedzy\Mod_1.csproj", "{969AD54D-BF22-42FD-B4E3-6A30D44987EE}"
EndProject
Global
	GlobalSection(SolutionConfigurationPlatforms) = preSolution
		Debug|Any CPU = Debug|Any CPU
		Release|Any CPU = Release|Any CPU
	EndGlobalSection
	GlobalSection(ProjectConfigurationPlatforms) = postSolution
		{969AD54D-BF22-42FD-B4E3-6A30D44987EE}.Debug|Any CPU.ActiveCfg = Debug|Any CPU
		{969AD54D-BF22-42FD-B4E3-6A30D44987EE}.Debug|Any CPU.Build.0 = Debug|Any CPU
		{969AD54D-BF22-42FD-B4E3-6A30D44987EE}.Release|Any CPU.ActiveCfg = Release|Any CPU
		{969AD54D-BF22-42FD-B4E3-6A30D44987EE}.Release|Any CPU.Build.0 = Release|Any CPU
	EndGlobalSection
	GlobalSection(SolutionProperties) = preSolution
		HideSolutionNode = FALSE
	EndGlobalSection
	GlobalSection(ExtensibilityGlobals) = postSolution
		SolutionGuid = {8A6D2200-6385-4758-9B42-E99AE0202698}
	EndGlobalSection
EndGlobal
